
Microsoft Visual Studio Solution File, Format Version 12.00
# Visual Studio Version 17
VisualStudioVersion = 17.4.33103.184
MinimumVisualStudioVersion = 10.0.40219.1
Project("{9A19103F-16F7-4668-BE54-9A1E7A4F7556}") = "Store.Api", "Store.Api\Store.Api.csproj", "{5BFD2959-4FBB-42C8-A754-0F6B612BDA0D}"
EndProject
Project("{9A19103F-16F7-4668-BE54-9A1E7A4F7556}") = "Store.Api.Domain", "Store.Api.Domain\Store.Api.Domain.csproj", "{8D35CE47-C289-43DB-BF9A-89442ED8A4C9}"
EndProject
Project("{FAE04EC0-301F-11D3-BF4B-00C04F79EFBC}") = "Store.Api.Services", "Store.Api.Services\Store.Api.Services.csproj", "{A9D675B5-3004-4341-9060-7E589AF3C17C}"
EndProject
Global
	GlobalSection(SolutionConfigurationPlatforms) = preSolution
		Debug|Any CPU = Debug|Any CPU
		Release|Any CPU = Release|Any CPU
	EndGlobalSection
	GlobalSection(ProjectConfigurationPlatforms) = postSolution
		{5BFD2959-4FBB-42C8-A754-0F6B612BDA0D}.Debug|Any CPU.ActiveCfg = Debug|Any CPU
		{5BFD2959-4FBB-42C8-A754-0F6B612BDA0D}.Debug|Any CPU.Build.0 = Debug|Any CPU
		{5BFD2959-4FBB-42C8-A754-0F6B612BDA0D}.Release|Any CPU.ActiveCfg = Release|Any CPU
		{5BFD2959-4FBB-42C8-A754-0F6B612BDA0D}.Release|Any CPU.Build.0 = Release|Any CPU
		{8D35CE47-C289-43DB-BF9A-89442ED8A4C9}.Debug|Any CPU.ActiveCfg = Debug|Any CPU
		{8D35CE47-C289-43DB-BF9A-89442ED8A4C9}.Debug|Any CPU.Build.0 = Debug|Any CPU
		{8D35CE47-C289-43DB-BF9A-89442ED8A4C9}.Release|Any CPU.ActiveCfg = Release|Any CPU
		{8D35CE47-C289-43DB-BF9A-89442ED8A4C9}.Release|Any CPU.Build.0 = Release|Any CPU
		{A9D675B5-3004-4341-9060-7E589AF3C17C}.Debug|Any CPU.ActiveCfg = Debug|Any CPU
		{A9D675B5-3004-4341-9060-7E589AF3C17C}.Debug|Any CPU.Build.0 = Debug|Any CPU
		{A9D675B5-3004-4341-9060-7E589AF3C17C}.Release|Any CPU.ActiveCfg = Release|Any CPU
		{A9D675B5-3004-4341-9060-7E589AF3C17C}.Release|Any CPU.Build.0 = Release|Any CPU
	EndGlobalSection
	GlobalSection(SolutionProperties) = preSolution
		HideSolutionNode = FALSE
	EndGlobalSection
	GlobalSection(ExtensibilityGlobals) = postSolution
		SolutionGuid = {EF5A3444-691C-446A-8879-5119C890BFD2}
	EndGlobalSection
EndGlobal
